
Microsoft Visual Studio Solution File, Format Version 12.00
# Visual Studio Version 17
VisualStudioVersion = 17.7.34202.233
MinimumVisualStudioVersion = 10.0.40219.1
Project("{8BC9CEB8-8B4A-11D0-8D11-00A0C91BC942}") = "OpenGL_Game", "OpenGL_Game.vcxproj", "{46A241D4-1FD4-4E76-B76A-5C6AF5F8C3C6}"
EndProject
Global
	GlobalSection(SolutionConfigurationPlatforms) = preSolution
		Debug|x64 = Debug|x64
		Debug|x86 = Debug|x86
		Release|x64 = Release|x64
		Release|x86 = Release|x86
	EndGlobalSection
	GlobalSection(ProjectConfigurationPlatforms) = postSolution
		{46A241D4-1FD4-4E76-B76A-5C6AF5F8C3C6}.Debug|x64.ActiveCfg = Debug|x64
		{46A241D4-1FD4-4E76-B76A-5C6AF5F8C3C6}.Debug|x64.Build.0 = Debug|x64
		{46A241D4-1FD4-4E76-B76A-5C6AF5F8C3C6}.Debug|x86.ActiveCfg = Debug|Win32
		{46A241D4-1FD4-4E76-B76A-5C6AF5F8C3C6}.Debug|x86.Build.0 = Debug|Win32
		{46A241D4-1FD4-4E76-B76A-5C6AF5F8C3C6}.Release|x64.ActiveCfg = Release|x64
		{46A241D4-1FD4-4E76-B76A-5C6AF5F8C3C6}.Release|x64.Build.0 = Release|x64
		{46A241D4-1FD4-4E76-B76A-5C6AF5F8C3C6}.Release|x86.ActiveCfg = Release|Win32
		{46A241D4-1FD4-4E76-B76A-5C6AF5F8C3C6}.Release|x86.Build.0 = Release|Win32
	EndGlobalSection
	GlobalSection(SolutionProperties) = preSolution
		HideSolutionNode = FALSE
	EndGlobalSection
	GlobalSection(ExtensibilityGlobals) = postSolution
		SolutionGuid = {B5D44E1B-EB33-40D6-A096-C793A76F51E0}
	EndGlobalSection
EndGlobal
